# THIS IS AN AUTOGENERATED FILE. DO NOT EDIT THIS FILE DIRECTLY.
# yarn lockfile v1


datatables.net-bs@>=1.11.3, datatables.net-bs@^1.10.15, datatables.net-bs@^1.11.5:
  version "1.11.5"
  resolved "https://registry.yarnpkg.com/datatables.net-bs/-/datatables.net-bs-1.11.5.tgz#d1ff9075fb911d27a1b73e19c8e87e3bbe1c302c"
  integrity sha512-thj90yxWnJpAkKdiPtdFMHlDTHCg1VRrzAE7juABYaw3hNQdvf1Veh7a/1hvuqOfn2g7ORzQUFXP8oxJ4SJWfg==
  dependencies:
    datatables.net ">=1.11.3"
    jquery ">=1.7"

datatables.net-buttons-bs@^2.2.2:
  version "2.2.2"
  resolved "https://registry.yarnpkg.com/datatables.net-buttons-bs/-/datatables.net-buttons-bs-2.2.2.tgz#d61055dd04386a354baf2c4530a6cc8606a0c9b4"
  integrity sha512-F4ffoweXJrtznq+KfYYW7aa1xHlzQUtSEJXne7rUvp76neMmuFtNhD+2ffaQHizNJmiyGAEKgq54pD8qkGo63A==
  dependencies:
    datatables.net-bs ">=1.11.3"
    datatables.net-buttons ">=2.0.1"
    jquery ">=1.7"

datatables.net-buttons@>=2.0.1, datatables.net-buttons@^2.2.2:
  version "2.2.2"
  resolved "https://registry.yarnpkg.com/datatables.net-buttons/-/datatables.net-buttons-2.2.2.tgz#5fbf91c78c8fcb3a1abe32c8ef334ee2a052614b"
  integrity sha512-YrTgBDejFSzm2CJOx0aOACXDIELBsdMFe6IR3rJqC0elJoMd6uXVQ4pRBQEge4cfWpYa5T1Majm7r6FQi0j6Jw==
  dependencies:
    datatables.net ">=1.11.3"
    jquery ">=1.7"

datatables.net-responsive-bs@^2.2.9:
  version "2.2.9"
  resolved "https://registry.yarnpkg.com/datatables.net-responsive-bs/-/datatables.net-responsive-bs-2.2.9.tgz#8772813fbee32e2ea023f4ea85b6d37ccb5f725d"
  integrity sha512-Rwpy94e2G4G8OC1X8WXwtyRTPlWTGNzJqOeQOHg2JVuGQwqy2QAPYVE3f2fonHyQSsAucoNf/18cBYCnY4xPPQ==
  dependencies:
    datatables.net-bs "^1.10.15"
    datatables.net-responsive "2.2.9"
    jquery ">=1.7"

datatables.net-responsive@2.2.9, datatables.net-responsive@^2.2.9:
  version "2.2.9"
  resolved "https://registry.yarnpkg.com/datatables.net-responsive/-/datatables.net-responsive-2.2.9.tgz#846d4436691b13261e8e436dc988affe4d262f36"
  integrity sha512-C+mOY/mG17zzaYPtgqAOsC4JlGddGkKmO/ADNEtNZ41bcPV1/3jJzkOWT3DCZ400NmkXLDz4WObWlPT8WCgfzg==
  dependencies:
    datatables.net "^1.10.15"
    jquery ">=1.7"

datatables.net-select-bs@^1.3.4:
  version "1.3.4"
  resolved "https://registry.yarnpkg.com/datatables.net-select-bs/-/datatables.net-select-bs-1.3.4.tgz#8f5db5a6fe2705eff96b2781cf140c178e75e660"
  integrity sha512-aUxHT+C45uMWUbInP3wrmbgjco/zfgm8kGKTBQ/p8fkXGyBRpoTxJPa12ohbKbHSlHF0khIl5Xii0KtwGVVXkQ==
  dependencies:
    datatables.net-bs ">=1.11.3"
    datatables.net-select ">=1.3.3"
    jquery ">=1.7"

datatables.net-select@>=1.3.3, datatables.net-select@^1.3.4:
  version "1.3.4"
  resolved "https://registry.yarnpkg.com/datatables.net-select/-/datatables.net-select-1.3.4.tgz#7970587a8d8db8ba70a4cccb89b8519bb518116d"
  integrity sha512-iQ/dBHIWkhfCBxzNdtef79seCNO1ZsA5zU0Uiw3R2mlwmjcJM1xn6pFNajke6SX7VnlzndGDHGqzzEljSqz4pA==
  dependencies:
    datatables.net ">=1.11.3"
    jquery ">=1.7"

datatables.net@>=1.11.3, datatables.net@^1.10.15, datatables.net@^1.11.5:
  version "1.11.5"
  resolved "https://registry.yarnpkg.com/datatables.net/-/datatables.net-1.11.5.tgz#858a69953a01e1d5b18786769802117b04b8e3c9"
  integrity sha512-nlFst2xfwSWaQgaOg5sXVG3cxYC0tH8E8d65289w9ROgF2TmLULOOpcdMpyxxUim/qEwVSEem42RjkTWEpr3eA==
  dependencies:
    jquery ">=1.7"

imports-loader@^3.1.1:
  version "3.1.1"
  resolved "https://registry.yarnpkg.com/imports-loader/-/imports-loader-3.1.1.tgz#3e464d9aad1e303b1b34b658eb8f8aae22f96435"
  integrity sha512-3QMyGU4RTgxLf0puWkUfT5+7zJvexvB00PI5skDIcxG8O20gZCbQsaRpNBv+cIO6yy/lmlOBwaxc3uH1CV+sww==
  dependencies:
    source-map "^0.6.1"
    strip-comments "^2.0.1"

jquery@>=1.7:
  version "3.6.0"
  resolved "https://registry.yarnpkg.com/jquery/-/jquery-3.6.0.tgz#c72a09f15c1bdce142f49dbf1170bdf8adac2470"
  integrity sha512-JVzAR/AjBvVt2BmYhxRCSYysDsPcssdmTFnzyLEts9qNwmjmu4JTAMYubEfwVOSwpQ1I1sKKFcxhZCI2buerfw==

source-map@^0.6.1:
  version "0.6.1"
  resolved "https://registry.yarnpkg.com/source-map/-/source-map-0.6.1.tgz#74722af32e9614e9c287a8d0bbde48b5e2f1a263"
  integrity sha512-UjgapumWlbMhkBgzT7Ykc5YXUT46F0iKu8SGXq0bcwP5dz/h0Plj6enJqjz1Zbq2l5WaqYnrVbwWOWMyF3F47g==

strip-comments@^2.0.1:
  version "2.0.1"
  resolved "https://registry.yarnpkg.com/strip-comments/-/strip-comments-2.0.1.tgz#4ad11c3fbcac177a67a40ac224ca339ca1c1ba9b"
  integrity sha512-ZprKx+bBLXv067WTCALv8SSz5l2+XhpYCsVtSqlMnkAXMWDq+/ekVbl1ghqP9rUHTzv6sm/DwCOiYutU/yp1fw==
